{
  "name": "backend-hmm",
  "version": "0.0.1",
  "lockfileVersion": 3,
  "requires": true,
  "packages": {
    "": {
      "name": "backend-hmm",
      "version": "0.0.1",
      "workspaces": [
        "apps/*",
        "packages/*"
      ],
      "engines": {
        "node": ">=22"
      }
    },
    "apps/api-gateway": {
      "name": "@apps/api-gateway",
      "version": "0.0.1"
    },
    "apps/auth-service": {
      "name": "@apps/auth-service",
      "version": "0.0.1"
    },
    "apps/discovery-service": {
      "name": "@apps/discovery-service",
      "version": "0.0.1"
    },
    "apps/files-service": {
      "name": "@apps/files-service",
      "version": "0.0.1"
    },
    "apps/moderation-service": {
      "name": "@apps/moderation-service",
      "version": "0.0.1"
    },
    "apps/payment-service": {
      "name": "@apps/payment-service",
      "version": "0.0.1"
    },
    "apps/streaming-service": {
      "name": "@apps/streaming-service",
      "version": "0.0.1"
    },
    "apps/user-service": {
      "name": "@apps/user-service",
      "version": "0.0.1"
    },
    "apps/wallet-service": {
      "name": "@apps/wallet-service",
      "version": "0.0.1"
    },
    "node_modules/@apps/api-gateway": {
      "resolved": "apps/api-gateway",
      "link": true
    },
    "node_modules/@apps/auth-service": {
      "resolved": "apps/auth-service",
      "link": true
    },
    "node_modules/@apps/discovery-service": {
      "resolved": "apps/discovery-service",
      "link": true
    },
    "node_modules/@apps/files-service": {
      "resolved": "apps/files-service",
      "link": true
    },
    "node_modules/@apps/moderation-service": {
      "resolved": "apps/moderation-service",
      "link": true
    },
    "node_modules/@apps/payment-service": {
      "resolved": "apps/payment-service",
      "link": true
    },
    "node_modules/@apps/streaming-service": {
      "resolved": "apps/streaming-service",
      "link": true
    },
    "node_modules/@apps/user-service": {
      "resolved": "apps/user-service",
      "link": true
    },
    "node_modules/@apps/wallet-service": {
      "resolved": "apps/wallet-service",
      "link": true
    },
    "node_modules/@packages/common": {
      "resolved": "packages/common",
      "link": true
    },
    "node_modules/@packages/config": {
      "resolved": "packages/config",
      "link": true
    },
    "node_modules/@packages/logger": {
      "resolved": "packages/logger",
      "link": true
    },
    "node_modules/@packages/openapi": {
      "resolved": "packages/openapi",
      "link": true
    },
    "node_modules/@packages/redis": {
      "resolved": "packages/redis",
      "link": true
    },
    "packages/common": {
      "name": "@packages/common",
      "version": "0.0.1"
    },
    "packages/config": {
      "name": "@packages/config",
      "version": "0.0.1"
    },
    "packages/logger": {
      "name": "@packages/logger",
      "version": "0.0.1"
    },
    "packages/openapi": {
      "name": "@packages/openapi",
      "version": "0.0.1"
    },
    "packages/redis": {
      "name": "@packages/redis",
      "version": "0.0.1"
    }
  }
}
